
Microsoft Visual Studio Solution File, Format Version 12.00
# Visual Studio 14
VisualStudioVersion = 14.0.25402.0
MinimumVisualStudioVersion = 10.0.40219.1
Project("{2150E333-8FDC-42A3-9474-1A3956D46DE8}") = "src", "src", "{5323236D-4EB3-4BB3-A696-20E0DD8F52F1}"
EndProject
Project("{2150E333-8FDC-42A3-9474-1A3956D46DE8}") = "Solution Items", "Solution Items", "{19E1BBC6-00A2-454B-B75A-2C94D86B7824}"
	ProjectSection(SolutionItems) = preProject
		global.json = global.json
		Nuget.config = Nuget.config
	EndProjectSection
EndProject
Project("{8BB2217D-0F2D-49D1-97BC-3654ED321F3B}") = "ConsoleApp1", "src\ConsoleApp1\ConsoleApp1.xproj", "{067604EC-B97D-4C1E-A95D-895DD7F7C0F0}"
EndProject
Project("{8BB2217D-0F2D-49D1-97BC-3654ED321F3B}") = "ConsoleApp2", "src\ConsoleApp2\ConsoleApp2.xproj", "{05A62444-F054-4A6D-80D1-DC5D24EF74F5}"
EndProject
Global
	GlobalSection(SolutionConfigurationPlatforms) = preSolution
		Debug|Any CPU = Debug|Any CPU
		Release|Any CPU = Release|Any CPU
	EndGlobalSection
	GlobalSection(ProjectConfigurationPlatforms) = postSolution
		{067604EC-B97D-4C1E-A95D-895DD7F7C0F0}.Debug|Any CPU.ActiveCfg = Debug|Any CPU
		{067604EC-B97D-4C1E-A95D-895DD7F7C0F0}.Debug|Any CPU.Build.0 = Debug|Any CPU
		{067604EC-B97D-4C1E-A95D-895DD7F7C0F0}.Release|Any CPU.ActiveCfg = Release|Any CPU
		{067604EC-B97D-4C1E-A95D-895DD7F7C0F0}.Release|Any CPU.Build.0 = Release|Any CPU
		{05A62444-F054-4A6D-80D1-DC5D24EF74F5}.Debug|Any CPU.ActiveCfg = Debug|Any CPU
		{05A62444-F054-4A6D-80D1-DC5D24EF74F5}.Debug|Any CPU.Build.0 = Debug|Any CPU
		{05A62444-F054-4A6D-80D1-DC5D24EF74F5}.Release|Any CPU.ActiveCfg = Release|Any CPU
		{05A62444-F054-4A6D-80D1-DC5D24EF74F5}.Release|Any CPU.Build.0 = Release|Any CPU
	EndGlobalSection
	GlobalSection(SolutionProperties) = preSolution
		HideSolutionNode = FALSE
	EndGlobalSection
	GlobalSection(NestedProjects) = preSolution
		{067604EC-B97D-4C1E-A95D-895DD7F7C0F0} = {5323236D-4EB3-4BB3-A696-20E0DD8F52F1}
		{05A62444-F054-4A6D-80D1-DC5D24EF74F5} = {5323236D-4EB3-4BB3-A696-20E0DD8F52F1}
	EndGlobalSection
EndGlobal
